
Microsoft Visual Studio Solution File, Format Version 12.00
# Visual Studio Version 16
VisualStudioVersion = 16.0.31321.278
MinimumVisualStudioVersion = 10.0.40219.1
Project("{FAE04EC0-301F-11D3-BF4B-00C04F79EFBC}") = "ServerApp", "ServerApp\ServerApp.csproj", "{9141AEA0-94F9-46AB-85F2-3638B56D36FB}"
EndProject
Global
	GlobalSection(SolutionConfigurationPlatforms) = preSolution
		Debug|Any CPU = Debug|Any CPU
		Release|Any CPU = Release|Any CPU
	EndGlobalSection
	GlobalSection(ProjectConfigurationPlatforms) = postSolution
		{9141AEA0-94F9-46AB-85F2-3638B56D36FB}.Debug|Any CPU.ActiveCfg = Debug|Any CPU
		{9141AEA0-94F9-46AB-85F2-3638B56D36FB}.Debug|Any CPU.Build.0 = Debug|Any CPU
		{9141AEA0-94F9-46AB-85F2-3638B56D36FB}.Release|Any CPU.ActiveCfg = Release|Any CPU
		{9141AEA0-94F9-46AB-85F2-3638B56D36FB}.Release|Any CPU.Build.0 = Release|Any CPU
	EndGlobalSection
	GlobalSection(SolutionProperties) = preSolution
		HideSolutionNode = FALSE
	EndGlobalSection
	GlobalSection(ExtensibilityGlobals) = postSolution
		SolutionGuid = {33888841-61D1-419E-AA53-99E2653D2F89}
	EndGlobalSection
EndGlobal
